
Microsoft Visual Studio Solution File, Format Version 12.00
# Visual Studio Version 16
VisualStudioVersion = 16.0.29613.14
MinimumVisualStudioVersion = 10.0.40219.1
Project("{FAE04EC0-301F-11D3-BF4B-00C04F79EFBC}") = "Lucca.CloudEvents.Abstractions", "Lucca.CloudEvents.Abstractions\Lucca.CloudEvents.Abstractions.csproj", "{87884D2E-445D-4200-8651-3FFD9EDDF900}"
EndProject
Global
	GlobalSection(SolutionConfigurationPlatforms) = preSolution
		Debug|Any CPU = Debug|Any CPU
		Release|Any CPU = Release|Any CPU
	EndGlobalSection
	GlobalSection(ProjectConfigurationPlatforms) = postSolution
		{87884D2E-445D-4200-8651-3FFD9EDDF900}.Debug|Any CPU.ActiveCfg = Debug|Any CPU
		{87884D2E-445D-4200-8651-3FFD9EDDF900}.Debug|Any CPU.Build.0 = Debug|Any CPU
		{87884D2E-445D-4200-8651-3FFD9EDDF900}.Release|Any CPU.ActiveCfg = Release|Any CPU
		{87884D2E-445D-4200-8651-3FFD9EDDF900}.Release|Any CPU.Build.0 = Release|Any CPU
	EndGlobalSection
	GlobalSection(SolutionProperties) = preSolution
		HideSolutionNode = FALSE
	EndGlobalSection
	GlobalSection(ExtensibilityGlobals) = postSolution
		SolutionGuid = {C4DA565D-5379-4BDF-AE06-6C5815BE924F}
	EndGlobalSection
EndGlobal
